
Microsoft Visual Studio Solution File, Format Version 12.00
# Visual Studio Version 17
VisualStudioVersion = 17.1.32328.378
MinimumVisualStudioVersion = 10.0.40219.1
Project("{FAE04EC0-301F-11D3-BF4B-00C04F79EFBC}") = "qsn1", "qsn1\qsn1.csproj", "{463A2470-8F4D-48B0-8E11-15C528CA94DA}"
EndProject
Global
	GlobalSection(SolutionConfigurationPlatforms) = preSolution
		Debug|Any CPU = Debug|Any CPU
		Release|Any CPU = Release|Any CPU
	EndGlobalSection
	GlobalSection(ProjectConfigurationPlatforms) = postSolution
		{463A2470-8F4D-48B0-8E11-15C528CA94DA}.Debug|Any CPU.ActiveCfg = Debug|Any CPU
		{463A2470-8F4D-48B0-8E11-15C528CA94DA}.Debug|Any CPU.Build.0 = Debug|Any CPU
		{463A2470-8F4D-48B0-8E11-15C528CA94DA}.Release|Any CPU.ActiveCfg = Release|Any CPU
		{463A2470-8F4D-48B0-8E11-15C528CA94DA}.Release|Any CPU.Build.0 = Release|Any CPU
	EndGlobalSection
	GlobalSection(SolutionProperties) = preSolution
		HideSolutionNode = FALSE
	EndGlobalSection
	GlobalSection(ExtensibilityGlobals) = postSolution
		SolutionGuid = {8354DED1-2177-4F60-B5AE-1BE461944357}
	EndGlobalSection
EndGlobal
