
Microsoft Visual Studio Solution File, Format Version 12.00
# Visual Studio Version 17
VisualStudioVersion = 17.1.32328.378
MinimumVisualStudioVersion = 10.0.40219.1
Project("{FAE04EC0-301F-11D3-BF4B-00C04F79EFBC}") = "Swap", "Swap\Swap.csproj", "{BC21A9DE-D201-469F-B06E-AA446ACB8998}"
EndProject
Global
	GlobalSection(SolutionConfigurationPlatforms) = preSolution
		Debug|Any CPU = Debug|Any CPU
		Release|Any CPU = Release|Any CPU
	EndGlobalSection
	GlobalSection(ProjectConfigurationPlatforms) = postSolution
		{BC21A9DE-D201-469F-B06E-AA446ACB8998}.Debug|Any CPU.ActiveCfg = Debug|Any CPU
		{BC21A9DE-D201-469F-B06E-AA446ACB8998}.Debug|Any CPU.Build.0 = Debug|Any CPU
		{BC21A9DE-D201-469F-B06E-AA446ACB8998}.Release|Any CPU.ActiveCfg = Release|Any CPU
		{BC21A9DE-D201-469F-B06E-AA446ACB8998}.Release|Any CPU.Build.0 = Release|Any CPU
	EndGlobalSection
	GlobalSection(SolutionProperties) = preSolution
		HideSolutionNode = FALSE
	EndGlobalSection
	GlobalSection(ExtensibilityGlobals) = postSolution
		SolutionGuid = {C08171F4-3D39-4BF2-B6A2-451AEA636DBF}
	EndGlobalSection
EndGlobal
