
Microsoft Visual Studio Solution File, Format Version 12.00
# Visual Studio Version 17
VisualStudioVersion = 17.1.32328.378
MinimumVisualStudioVersion = 10.0.40219.1
Project("{FAE04EC0-301F-11D3-BF4B-00C04F79EFBC}") = "qsn5", "qsn5\qsn5.csproj", "{3E3EE381-8E88-46CE-9180-D51287FBA028}"
EndProject
Global
	GlobalSection(SolutionConfigurationPlatforms) = preSolution
		Debug|Any CPU = Debug|Any CPU
		Release|Any CPU = Release|Any CPU
	EndGlobalSection
	GlobalSection(ProjectConfigurationPlatforms) = postSolution
		{3E3EE381-8E88-46CE-9180-D51287FBA028}.Debug|Any CPU.ActiveCfg = Debug|Any CPU
		{3E3EE381-8E88-46CE-9180-D51287FBA028}.Debug|Any CPU.Build.0 = Debug|Any CPU
		{3E3EE381-8E88-46CE-9180-D51287FBA028}.Release|Any CPU.ActiveCfg = Release|Any CPU
		{3E3EE381-8E88-46CE-9180-D51287FBA028}.Release|Any CPU.Build.0 = Release|Any CPU
	EndGlobalSection
	GlobalSection(SolutionProperties) = preSolution
		HideSolutionNode = FALSE
	EndGlobalSection
	GlobalSection(ExtensibilityGlobals) = postSolution
		SolutionGuid = {89D8D1E4-5F9A-4F40-AF1B-E7036B6D42FD}
	EndGlobalSection
EndGlobal
