
Microsoft Visual Studio Solution File, Format Version 12.00
# Visual Studio Version 17
VisualStudioVersion = 17.1.32328.378
MinimumVisualStudioVersion = 10.0.40219.1
Project("{FAE04EC0-301F-11D3-BF4B-00C04F79EFBC}") = "qsn8", "qsn8\qsn8.csproj", "{F645A9FD-5119-4BE2-95E8-E29A5BAB011D}"
EndProject
Global
	GlobalSection(SolutionConfigurationPlatforms) = preSolution
		Debug|Any CPU = Debug|Any CPU
		Release|Any CPU = Release|Any CPU
	EndGlobalSection
	GlobalSection(ProjectConfigurationPlatforms) = postSolution
		{F645A9FD-5119-4BE2-95E8-E29A5BAB011D}.Debug|Any CPU.ActiveCfg = Debug|Any CPU
		{F645A9FD-5119-4BE2-95E8-E29A5BAB011D}.Debug|Any CPU.Build.0 = Debug|Any CPU
		{F645A9FD-5119-4BE2-95E8-E29A5BAB011D}.Release|Any CPU.ActiveCfg = Release|Any CPU
		{F645A9FD-5119-4BE2-95E8-E29A5BAB011D}.Release|Any CPU.Build.0 = Release|Any CPU
	EndGlobalSection
	GlobalSection(SolutionProperties) = preSolution
		HideSolutionNode = FALSE
	EndGlobalSection
	GlobalSection(ExtensibilityGlobals) = postSolution
		SolutionGuid = {4A547116-B1BB-484F-B336-9D4C8D7D4B46}
	EndGlobalSection
EndGlobal
